// !$*UTF8*$!
{
	archiveVersion = 1;
	classes = {
	};
	objectVersion = 50;
	objects = {

/* Begin PBXBuildFile section */
		4026C72722598E0B007E29CE /* AppDelegate.m in Sources */ = {isa = PBXBuildFile; fileRef = 4026C72622598E0B007E29CE /* AppDelegate.m */; };
		4026C72A22598E0B007E29CE /* ViewController.m in Sources */ = {isa = PBXBuildFile; fileRef = 4026C72922598E0B007E29CE /* ViewController.m */; };
		4026C72D22598E0B007E29CE /* Main.storyboard in Resources */ = {isa = PBXBuildFile; fileRef = 4026C72B22598E0B007E29CE /* Main.storyboard */; };
		4026C72F22598E0D007E29CE /* Assets.xcassets in Resources */ = {isa = PBXBuildFile; fileRef = 4026C72E22598E0D007E29CE /* Assets.xcassets */; };
		4026C73222598E0D007E29CE /* LaunchScreen.storyboard in Resources */ = {isa = PBXBuildFile; fileRef = 4026C73022598E0D007E29CE /* LaunchScreen.storyboard */; };
		4026C73522598E0D007E29CE /* main.m in Sources */ = {isa = PBXBuildFile; fileRef = 4026C73422598E0D007E29CE /* main.m */; };
		4026C7482259D28B007E29CE /* CSFruitVegetables.m in Sources */ = {isa = PBXBuildFile; fileRef = 4026C7472259D28B007E29CE /* CSFruitVegetables.m */; };
		4026C74B2259D2EA007E29CE /* CSFruitFactory.m in Sources */ = {isa = PBXBuildFile; fileRef = 4026C74A2259D2EA007E29CE /* CSFruitFactory.m */; };
		4026C74E2259D2F8007E29CE /* CSVegetablesFactory.m in Sources */ = {isa = PBXBuildFile; fileRef = 4026C74D2259D2F8007E29CE /* CSVegetablesFactory.m */; };
/* End PBXBuildFile section */

/* Begin PBXFileReference section */
		4026C72222598E0B007E29CE /* DesignPatternDemo.app */ = {isa = PBXFileReference; explicitFileType = wrapper.application; includeInIndex = 0; path = DesignPatternDemo.app; sourceTree = BUILT_PRODUCTS_DIR; };
		4026C72522598E0B007E29CE /* AppDelegate.h */ = {isa = PBXFileReference; lastKnownFileType = sourcecode.c.h; path = AppDelegate.h; sourceTree = "<group>"; };
		4026C72622598E0B007E29CE /* AppDelegate.m */ = {isa = PBXFileReference; lastKnownFileType = sourcecode.c.objc; path = AppDelegate.m; sourceTree = "<group>"; };
		4026C72822598E0B007E29CE /* ViewController.h */ = {isa = PBXFileReference; lastKnownFileType = sourcecode.c.h; path = ViewController.h; sourceTree = "<group>"; };
		4026C72922598E0B007E29CE /* ViewController.m */ = {isa = PBXFileReference; lastKnownFileType = sourcecode.c.objc; path = ViewController.m; sourceTree = "<group>"; };
		4026C72C22598E0B007E29CE /* Base */ = {isa = PBXFileReference; lastKnownFileType = file.storyboard; name = Base; path = Base.lproj/Main.storyboard; sourceTree = "<group>"; };
		4026C72E22598E0D007E29CE /* Assets.xcassets */ = {isa = PBXFileReference; lastKnownFileType = folder.assetcatalog; path = Assets.xcassets; sourceTree = "<group>"; };
		4026C73122598E0D007E29CE /* Base */ = {isa = PBXFileReference; lastKnownFileType = file.storyboard; name = Base; path = Base.lproj/LaunchScreen.storyboard; sourceTree = "<group>"; };
		4026C73322598E0D007E29CE /* Info.plist */ = {isa = PBXFileReference; lastKnownFileType = text.plist.xml; path = Info.plist; sourceTree = "<group>"; };
		4026C73422598E0D007E29CE /* main.m */ = {isa = PBXFileReference; lastKnownFileType = sourcecode.c.objc; path = main.m; sourceTree = "<group>"; };
		4026C7462259D28B007E29CE /* CSFruitVegetables.h */ = {isa = PBXFileReference; lastKnownFileType = sourcecode.c.h; path = CSFruitVegetables.h; sourceTree = "<group>"; };
		4026C7472259D28B007E29CE /* CSFruitVegetables.m */ = {isa = PBXFileReference; lastKnownFileType = sourcecode.c.objc; path = CSFruitVegetables.m; sourceTree = "<group>"; };
		4026C7492259D2EA007E29CE /* CSFruitFactory.h */ = {isa = PBXFileReference; lastKnownFileType = sourcecode.c.h; path = CSFruitFactory.h; sourceTree = "<group>"; };
		4026C74A2259D2EA007E29CE /* CSFruitFactory.m */ = {isa = PBXFileReference; lastKnownFileType = sourcecode.c.objc; path = CSFruitFactory.m; sourceTree = "<group>"; };
		4026C74C2259D2F8007E29CE /* CSVegetablesFactory.h */ = {isa = PBXFileReference; lastKnownFileType = sourcecode.c.h; path = CSVegetablesFactory.h; sourceTree = "<group>"; };
		4026C74D2259D2F8007E29CE /* CSVegetablesFactory.m */ = {isa = PBXFileReference; lastKnownFileType = sourcecode.c.objc; path = CSVegetablesFactory.m; sourceTree = "<group>"; };
/* End PBXFileReference section */

/* Begin PBXFrameworksBuildPhase section */
		4026C71F22598E0B007E29CE /* Frameworks */ = {
			isa = PBXFrameworksBuildPhase;
			buildActionMask = 2147483647;
			files = (
			);
			runOnlyForDeploymentPostprocessing = 0;
		};
/* End PBXFrameworksBuildPhase section */

/* Begin PBXGroup section */
		4026C71922598E0B007E29CE = {
			isa = PBXGroup;
			children = (
				4026C72422598E0B007E29CE /* DesignPatternDemo */,
				4026C72322598E0B007E29CE /* Products */,
			);
			sourceTree = "<group>";
		};
		4026C72322598E0B007E29CE /* Products */ = {
			isa = PBXGroup;
			children = (
				4026C72222598E0B007E29CE /* DesignPatternDemo.app */,
			);
			name = Products;
			sourceTree = "<group>";
		};
		4026C72422598E0B007E29CE /* DesignPatternDemo */ = {
			isa = PBXGroup;
			children = (
				4026C7452259D176007E29CE /* Factory */,
				4026C72522598E0B007E29CE /* AppDelegate.h */,
				4026C72622598E0B007E29CE /* AppDelegate.m */,
				4026C72822598E0B007E29CE /* ViewController.h */,
				4026C72922598E0B007E29CE /* ViewController.m */,
				4026C72B22598E0B007E29CE /* Main.storyboard */,
				4026C72E22598E0D007E29CE /* Assets.xcassets */,
				4026C73022598E0D007E29CE /* LaunchScreen.storyboard */,
				4026C73322598E0D007E29CE /* Info.plist */,
				4026C73422598E0D007E29CE /* main.m */,
			);
			path = DesignPatternDemo;
			sourceTree = "<group>";
		};
		4026C7452259D176007E29CE /* Factory */ = {
			isa = PBXGroup;
			children = (
				4026C7462259D28B007E29CE /* CSFruitVegetables.h */,
				4026C7472259D28B007E29CE /* CSFruitVegetables.m */,
				4026C7492259D2EA007E29CE /* CSFruitFactory.h */,
				4026C74A2259D2EA007E29CE /* CSFruitFactory.m */,
				4026C74C2259D2F8007E29CE /* CSVegetablesFactory.h */,
				4026C74D2259D2F8007E29CE /* CSVegetablesFactory.m */,
			);
			path = Factory;
			sourceTree = "<group>";
		};
/* End PBXGroup section */

/* Begin PBXNativeTarget section */
		4026C72122598E0B007E29CE /* DesignPatternDemo */ = {
			isa = PBXNativeTarget;
			buildConfigurationList = 4026C73822598E0D007E29CE /* Build configuration list for PBXNativeTarget "DesignPatternDemo" */;
			buildPhases = (
				4026C71E22598E0B007E29CE /* Sources */,
				4026C71F22598E0B007E29CE /* Frameworks */,
				4026C72022598E0B007E29CE /* Resources */,
			);
			buildRules = (
			);
			dependencies = (
			);
			name = DesignPatternDemo;
			productName = DesignPatternDemo;
			productReference = 4026C72222598E0B007E29CE /* DesignPatternDemo.app */;
			productType = "com.apple.product-type.application";
		};
/* End PBXNativeTarget section */

/* Begin PBXProject section */
		4026C71A22598E0B007E29CE /* Project object */ = {
			isa = PBXProject;
			attributes = {
				LastUpgradeCheck = 1010;
				ORGANIZATIONNAME = cs;
				TargetAttributes = {
					4026C72122598E0B007E29CE = {
						CreatedOnToolsVersion = 10.1;
					};
				};
			};
			buildConfigurationList = 4026C71D22598E0B007E29CE /* Build configuration list for PBXProject "DesignPatternDemo" */;
			compatibilityVersion = "Xcode 9.3";
			developmentRegion = en;
			hasScannedForEncodings = 0;
			knownRegions = (
				en,
				Base,
			);
			mainGroup = 4026C71922598E0B007E29CE;
			productRefGroup = 4026C72322598E0B007E29CE /* Products */;
			projectDirPath = "";
			projectRoot = "";
			targets = (
				4026C72122598E0B007E29CE /* DesignPatternDemo */,
			);
		};
/* End PBXProject section */

/* Begin PBXResourcesBuildPhase section */
		4026C72022598E0B007E29CE /* Resources */ = {
			isa = PBXResourcesBuildPhase;
			buildActionMask = 2147483647;
			files = (
				4026C73222598E0D007E29CE /* LaunchScreen.storyboard in Resources */,
				4026C72F22598E0D007E29CE /* Assets.xcassets in Resources */,
				4026C72D22598E0B007E29CE /* Main.storyboard in Resources */,
			);
			runOnlyForDeploymentPostprocessing = 0;
		};
/* End PBXResourcesBuildPhase section */

/* Begin PBXSourcesBuildPhase section */
		4026C71E22598E0B007E29CE /* Sources */ = {
			isa = PBXSourcesBuildPhase;
			buildActionMask = 2147483647;
			files = (
				4026C74E2259D2F8007E29CE /* CSVegetablesFactory.m in Sources */,
				4026C7482259D28B007E29CE /* CSFruitVegetables.m in Sources */,
				4026C72A22598E0B007E29CE /* ViewController.m in Sources */,
				4026C73522598E0D007E29CE /* main.m in Sources */,
				4026C72722598E0B007E29CE /* AppDelegate.m in Sources */,
				4026C74B2259D2EA007E29CE /* CSFruitFactory.m in Sources */,
			);
			runOnlyForDeploymentPostprocessing = 0;
		};
/* End PBXSourcesBuildPhase section */

/* Begin PBXVariantGroup section */
		4026C72B22598E0B007E29CE /* Main.storyboard */ = {
			isa = PBXVariantGroup;
			children = (
				4026C72C22598E0B007E29CE /* Base */,
			);
			name = Main.storyboard;
			sourceTree = "<group>";
		};
		4026C73022598E0D007E29CE /* LaunchScreen.storyboard */ = {
			isa = PBXVariantGroup;
			children = (
				4026C73122598E0D007E29CE /* Base */,
			);
			name = LaunchScreen.storyboard;
			sourceTree = "<group>";
		};
/* End PBXVariantGroup section */

/* Begin XCBuildConfiguration section */
		4026C73622598E0D007E29CE /* Debug */ = {
			isa = XCBuildConfiguration;
			buildSettings = {
				ALWAYS_SEARCH_USER_PATHS = NO;
				CLANG_ANALYZER_NONNULL = YES;
				CLANG_ANALYZER_NUMBER_OBJECT_CONVERSION = YES_AGGRESSIVE;
				CLANG_CXX_LANGUAGE_STANDARD = "gnu++14";
				CLANG_CXX_LIBRARY = "libc++";
				CLANG_ENABLE_MODULES = YES;
				CLANG_ENABLE_OBJC_ARC = YES;
				CLANG_ENABLE_OBJC_WEAK = YES;
				CLANG_WARN_BLOCK_CAPTURE_AUTORELEASING = YES;
				CLANG_WARN_BOOL_CONVERSION = YES;
				CLANG_WARN_COMMA = YES;
				CLANG_WARN_CONSTANT_CONVERSION = YES;
				CLANG_WARN_DEPRECATED_OBJC_IMPLEMENTATIONS = YES;
				CLANG_WARN_DIRECT_OBJC_ISA_USAGE = YES_ERROR;
				CLANG_WARN_DOCUMENTATION_COMMENTS = YES;
				CLANG_WARN_EMPTY_BODY = YES;
				CLANG_WARN_ENUM_CONVERSION = YES;
				CLANG_WARN_INFINITE_RECURSION = YES;
				CLANG_WARN_INT_CONVERSION = YES;
				CLANG_WARN_NON_LITERAL_NULL_CONVERSION = YES;
				CLANG_WARN_OBJC_IMPLICIT_RETAIN_SELF = YES;
				CLANG_WARN_OBJC_LITERAL_CONVERSION = YES;
				CLANG_WARN_OBJC_ROOT_CLASS = YES_ERROR;
				CLANG_WARN_RANGE_LOOP_ANALYSIS = YES;
				CLANG_WARN_STRICT_PROTOTYPES = YES;
				CLANG_WARN_SUSPICIOUS_MOVE = YES;
				CLANG_WARN_UNGUARDED_AVAILABILITY = YES_AGGRESSIVE;
				CLANG_WARN_UNREACHABLE_CODE = YES;
				CLANG_WARN__DUPLICATE_METHOD_MATCH = YES;
				CODE_SIGN_IDENTITY = "iPhone Developer";
				COPY_PHASE_STRIP = NO;
				DEBUG_INFORMATION_FORMAT = dwarf;
				ENABLE_STRICT_OBJC_MSGSEND = YES;
				ENABLE_TESTABILITY = YES;
				GCC_C_LANGUAGE_STANDARD = gnu11;
				GCC_DYNAMIC_NO_PIC = NO;
				GCC_NO_COMMON_BLOCKS = YES;
				GCC_OPTIMIZATION_LEVEL = 0;
				GCC_PREPROCESSOR_DEFINITIONS = (
					"DEBUG=1",
					"$(inherited)",
				);
				GCC_WARN_64_TO_32_BIT_CONVERSION = YES;
				GCC_WARN_ABOUT_RETURN_TYPE = YES_ERROR;
				GCC_WARN_UNDECLARED_SELECTOR = YES;
				GCC_WARN_UNINITIALIZED_AUTOS = YES_AGGRESSIVE;
				GCC_WARN_UNUSED_FUNCTION = YES;
				GCC_WARN_UNUSED_VARIABLE = YES;
				IPHONEOS_DEPLOYMENT_TARGET = 12.1;
				MTL_ENABLE_DEBUG_INFO = INCLUDE_SOURCE;
				MTL_FAST_MATH = YES;
				ONLY_ACTIVE_ARCH = YES;
				SDKROOT = iphoneos;
			};
			name = Debug;
		};
		4026C73722598E0D007E29CE /* Release */ = {
			isa = XCBuildConfiguration;
			buildSettings = {
				ALWAYS_SEARCH_USER_PATHS = NO;
				CLANG_ANALYZER_NONNULL = YES;
				CLANG_ANALYZER_NUMBER_OBJECT_CONVERSION = YES_AGGRESSIVE;
				CLANG_CXX_LANGUAGE_STANDARD = "gnu++14";
				CLANG_CXX_LIBRARY = "libc++";
				CLANG_ENABLE_MODULES = YES;
				CLANG_ENABLE_OBJC_ARC = YES;
				CLANG_ENABLE_OBJC_WEAK = YES;
				CLANG_WARN_BLOCK_CAPTURE_AUTORELEASING = YES;
				CLANG_WARN_BOOL_CONVERSION = YES;
				CLANG_WARN_COMMA = YES;
				CLANG_WARN_CONSTANT_CONVERSION = YES;
				CLANG_WARN_DEPRECATED_OBJC_IMPLEMENTATIONS = YES;
				CLANG_WARN_DIRECT_OBJC_ISA_USAGE = YES_ERROR;
				CLANG_WARN_DOCUMENTATION_COMMENTS = YES;
				CLANG_WARN_EMPTY_BODY = YES;
				CLANG_WARN_ENUM_CONVERSION = YES;
				CLANG_WARN_INFINITE_RECURSION = YES;
				CLANG_WARN_INT_CONVERSION = YES;
				CLANG_WARN_NON_LITERAL_NULL_CONVERSION = YES;
				CLANG_WARN_OBJC_IMPLICIT_RETAIN_SELF = YES;
				CLANG_WARN_OBJC_LITERAL_CONVERSION = YES;
				CLANG_WARN_OBJC_ROOT_CLASS = YES_ERROR;
				CLANG_WARN_RANGE_LOOP_ANALYSIS = YES;
				CLANG_WARN_STRICT_PROTOTYPES = YES;
				CLANG_WARN_SUSPICIOUS_MOVE = YES;
				CLANG_WARN_UNGUARDED_AVAILABILITY = YES_AGGRESSIVE;
				CLANG_WARN_UNREACHABLE_CODE = YES;
				CLANG_WARN__DUPLICATE_METHOD_MATCH = YES;
				CODE_SIGN_IDENTITY = "iPhone Developer";
				COPY_PHASE_STRIP = NO;
				DEBUG_INFORMATION_FORMAT = "dwarf-with-dsym";
				ENABLE_NS_ASSERTIONS = NO;
				ENABLE_STRICT_OBJC_MSGSEND = YES;
				GCC_C_LANGUAGE_STANDARD = gnu11;
				GCC_NO_COMMON_BLOCKS = YES;
				GCC_WARN_64_TO_32_BIT_CONVERSION = YES;
				GCC_WARN_ABOUT_RETURN_TYPE = YES_ERROR;
				GCC_WARN_UNDECLARED_SELECTOR = YES;
				GCC_WARN_UNINITIALIZED_AUTOS = YES_AGGRESSIVE;
				GCC_WARN_UNUSED_FUNCTION = YES;
				GCC_WARN_UNUSED_VARIABLE = YES;
				IPHONEOS_DEPLOYMENT_TARGET = 12.1;
				MTL_ENABLE_DEBUG_INFO = NO;
				MTL_FAST_MATH = YES;
				SDKROOT = iphoneos;
				VALIDATE_PRODUCT = YES;
			};
			name = Release;
		};
		4026C73922598E0D007E29CE /* Debug */ = {
			isa = XCBuildConfiguration;
			buildSettings = {
				ASSETCATALOG_COMPILER_APPICON_NAME = AppIcon;
				CODE_SIGN_STYLE = Automatic;
				INFOPLIST_FILE = DesignPatternDemo/Info.plist;
				LD_RUNPATH_SEARCH_PATHS = (
					"$(inherited)",
					"@executable_path/Frameworks",
				);
				PRODUCT_BUNDLE_IDENTIFIER = cs.DesignPatternDemo;
				PRODUCT_NAME = "$(TARGET_NAME)";
				TARGETED_DEVICE_FAMILY = "1,2";
			};
			name = Debug;
		};
		4026C73A22598E0D007E29CE /* Release */ = {
			isa = XCBuildConfiguration;
			buildSettings = {
				ASSETCATALOG_COMPILER_APPICON_NAME = AppIcon;
				CODE_SIGN_STYLE = Automatic;
				INFOPLIST_FILE = DesignPatternDemo/Info.plist;
				LD_RUNPATH_SEARCH_PATHS = (
					"$(inherited)",
					"@executable_path/Frameworks",
				);
				PRODUCT_BUNDLE_IDENTIFIER = cs.DesignPatternDemo;
				PRODUCT_NAME = "$(TARGET_NAME)";
				TARGETED_DEVICE_FAMILY = "1,2";
			};
			name = Release;
		};
/* End XCBuildConfiguration section */

/* Begin XCConfigurationList section */
		4026C71D22598E0B007E29CE /* Build configuration list for PBXProject "DesignPatternDemo" */ = {
			isa = XCConfigurationList;
			buildConfigurations = (
				4026C73622598E0D007E29CE /* Debug */,
				4026C73722598E0D007E29CE /* Release */,
			);
			defaultConfigurationIsVisible = 0;
			defaultConfigurationName = Release;
		};
		4026C73822598E0D007E29CE /* Build configuration list for PBXNativeTarget "DesignPatternDemo" */ = {
			isa = XCConfigurationList;
			buildConfigurations = (
				4026C73922598E0D007E29CE /* Debug */,
				4026C73A22598E0D007E29CE /* Release */,
			);
			defaultConfigurationIsVisible = 0;
			defaultConfigurationName = Release;
		};
/* End XCConfigurationList section */
	};
	rootObject = 4026C71A22598E0B007E29CE /* Project object */;
}
